
Microsoft Visual Studio Solution File, Format Version 12.00
# Visual Studio 15
VisualStudioVersion = 15.0.27428.2015
MinimumVisualStudioVersion = 10.0.40219.1
Project("{FAE04EC0-301F-11D3-BF4B-00C04F79EFBC}") = "IBISA", "IBISA\IBISA.csproj", "{410F52D3-FAD1-4314-BC20-5136C3F623D8}"
EndProject
Global
	GlobalSection(SolutionConfigurationPlatforms) = preSolution
		Debug|Any CPU = Debug|Any CPU
		Release|Any CPU = Release|Any CPU
	EndGlobalSection
	GlobalSection(ProjectConfigurationPlatforms) = postSolution
		{410F52D3-FAD1-4314-BC20-5136C3F623D8}.Debug|Any CPU.ActiveCfg = Debug|Any CPU
		{410F52D3-FAD1-4314-BC20-5136C3F623D8}.Debug|Any CPU.Build.0 = Debug|Any CPU
		{410F52D3-FAD1-4314-BC20-5136C3F623D8}.Release|Any CPU.ActiveCfg = Release|Any CPU
		{410F52D3-FAD1-4314-BC20-5136C3F623D8}.Release|Any CPU.Build.0 = Release|Any CPU
	EndGlobalSection
	GlobalSection(SolutionProperties) = preSolution
		HideSolutionNode = FALSE
	EndGlobalSection
	GlobalSection(ExtensibilityGlobals) = postSolution
		SolutionGuid = {3022EC7A-21FC-41AF-B6F8-97513B28D4A6}
	EndGlobalSection
EndGlobal
